
Microsoft Visual Studio Solution File, Format Version 12.00
# Visual Studio Version 17
VisualStudioVersion = 17.8.34601.278
MinimumVisualStudioVersion = 10.0.40219.1
Project("{9A19103F-16F7-4668-BE54-9A1E7A4F7556}") = "WebAppFeatures", "WebAppFeatures\WebAppFeatures.csproj", "{0D85F90F-E820-419A-861C-AA54F4FD7EAA}"
EndProject
Project("{9A19103F-16F7-4668-BE54-9A1E7A4F7556}") = "WebAppFeatures.Client", "WebAppFeatures.Client\WebAppFeatures.Client.csproj", "{9E9A00CD-B737-4673-9E82-5D2EE4F52EBF}"
EndProject
Project("{9A19103F-16F7-4668-BE54-9A1E7A4F7556}") = "Models", "Models\Models.csproj", "{02798C57-98E5-4C0C-AA3E-B3E9FF5DA480}"
EndProject
Global
	GlobalSection(SolutionConfigurationPlatforms) = preSolution
		Debug|Any CPU = Debug|Any CPU
		Release|Any CPU = Release|Any CPU
	EndGlobalSection
	GlobalSection(ProjectConfigurationPlatforms) = postSolution
		{0D85F90F-E820-419A-861C-AA54F4FD7EAA}.Debug|Any CPU.ActiveCfg = Debug|Any CPU
		{0D85F90F-E820-419A-861C-AA54F4FD7EAA}.Debug|Any CPU.Build.0 = Debug|Any CPU
		{0D85F90F-E820-419A-861C-AA54F4FD7EAA}.Release|Any CPU.ActiveCfg = Release|Any CPU
		{0D85F90F-E820-419A-861C-AA54F4FD7EAA}.Release|Any CPU.Build.0 = Release|Any CPU
		{9E9A00CD-B737-4673-9E82-5D2EE4F52EBF}.Debug|Any CPU.ActiveCfg = Debug|Any CPU
		{9E9A00CD-B737-4673-9E82-5D2EE4F52EBF}.Debug|Any CPU.Build.0 = Debug|Any CPU
		{9E9A00CD-B737-4673-9E82-5D2EE4F52EBF}.Release|Any CPU.ActiveCfg = Release|Any CPU
		{9E9A00CD-B737-4673-9E82-5D2EE4F52EBF}.Release|Any CPU.Build.0 = Release|Any CPU
		{02798C57-98E5-4C0C-AA3E-B3E9FF5DA480}.Debug|Any CPU.ActiveCfg = Debug|Any CPU
		{02798C57-98E5-4C0C-AA3E-B3E9FF5DA480}.Debug|Any CPU.Build.0 = Debug|Any CPU
		{02798C57-98E5-4C0C-AA3E-B3E9FF5DA480}.Release|Any CPU.ActiveCfg = Release|Any CPU
		{02798C57-98E5-4C0C-AA3E-B3E9FF5DA480}.Release|Any CPU.Build.0 = Release|Any CPU
	EndGlobalSection
	GlobalSection(SolutionProperties) = preSolution
		HideSolutionNode = FALSE
	EndGlobalSection
	GlobalSection(ExtensibilityGlobals) = postSolution
		SolutionGuid = {ECF82F51-56FD-44B5-B0EF-F8195DB877A0}
	EndGlobalSection
EndGlobal
